
Microsoft Visual Studio Solution File, Format Version 12.00
# Visual Studio Version 16
VisualStudioVersion = 25.0.1706.7
MinimumVisualStudioVersion = 10.0.40219.1
Project("{2150E333-8FDC-42A3-9474-1A3956D46DE8}") = "src", "src", "{6B10F81E-92FB-4BD5-94A9-2A1E47368615}"
EndProject
Project("{2150E333-8FDC-42A3-9474-1A3956D46DE8}") = "tests", "tests", "{F9F2B4FD-52D3-4CF5-B505-EADA1993E2B2}"
EndProject
Project("{2150E333-8FDC-42A3-9474-1A3956D46DE8}") = "1 - Domain", "1 - Domain", "{A5C988C0-2064-4804-8EB5-5FCC5FB737FF}"
EndProject
Project("{2150E333-8FDC-42A3-9474-1A3956D46DE8}") = "2 - Application", "2 - Application", "{D5B6DCD6-68A2-44F9-9CB1-0F830378F932}"
EndProject
Project("{2150E333-8FDC-42A3-9474-1A3956D46DE8}") = "Architecture", "Architecture", "{EC819CF7-0D43-40A6-8CD3-65210C61A620}"
EndProject
Project("{FAE04EC0-301F-11D3-BF4B-00C04F79EFBC}") = "EA.ArchitectureTests", "EA.ArchitectureTests\EA.ArchitectureTests.csproj", "{3470B7AE-433F-4A39-A995-2C67A4EF1AC4}"
EndProject
Project("{2150E333-8FDC-42A3-9474-1A3956D46DE8}") = "1.1 - Core", "1.1 - Core", "{55B20B20-2680-4720-9185-F73EDB2AC650}"
EndProject
Project("{FAE04EC0-301F-11D3-BF4B-00C04F79EFBC}") = "EA.Domain.Core", "EA.Domain.Core\EA.Domain.Core.csproj", "{464C2801-744E-41BC-8DBF-BCC1DCD8F16F}"
EndProject
Project("{2150E333-8FDC-42A3-9474-1A3956D46DE8}") = "3 - External", "3 - External", "{97318453-98A6-40F9-A460-70D81CC94C61}"
EndProject
Project("{2150E333-8FDC-42A3-9474-1A3956D46DE8}") = "3.1 - Infrastructure", "3.1 - Infrastructure", "{64FDA23E-BB9F-4FBF-AA04-17BAD130CFFD}"
EndProject
Project("{2150E333-8FDC-42A3-9474-1A3956D46DE8}") = "3.2 - Presentation", "3.2 - Presentation", "{C048AF07-CA16-4DC8-ABD4-C2B971E66F03}"
EndProject
Project("{2150E333-8FDC-42A3-9474-1A3956D46DE8}") = "3.1.1 - Persistence", "3.1.1 - Persistence", "{706201A8-AF18-4B53-8767-15FDE074AD83}"
EndProject
Project("{FAE04EC0-301F-11D3-BF4B-00C04F79EFBC}") = "EA.External.Infrastructure.Persistence", "EA.External.Infrastructure.Persistence\EA.External.Infrastructure.Persistence.csproj", "{92D32064-67EA-4B5B-A422-1A9FA25194FB}"
EndProject
Project("{2150E333-8FDC-42A3-9474-1A3956D46DE8}") = "3.2.1 - API", "3.2.1 - API", "{17196806-D1A6-48C6-967E-6C5CA03AFD87}"
EndProject
Project("{FAE04EC0-301F-11D3-BF4B-00C04F79EFBC}") = "EA.External.Presentation.API", "EA.External.Presentation.API\EA.External.Presentation.API.csproj", "{1DD0F2B6-196A-4C67-A908-8CC9A6F34E3C}"
EndProject
Project("{E53339B2-1760-4266-BCC7-CA923CBCF16C}") = "docker-compose", "docker-compose.dcproj", "{E9F21C6B-8C49-4E68-821D-B765B6DF397D}"
EndProject
Project("{2150E333-8FDC-42A3-9474-1A3956D46DE8}") = "3.2.1.1 - Docker", "3.2.1.1 - Docker", "{A64588FB-1C2F-4156-ACEE-37A6E0E57FED}"
EndProject
Project("{2150E333-8FDC-42A3-9474-1A3956D46DE8}") = "2.1 - Core", "2.1 - Core", "{96425D1E-554C-4DAF-BAD7-08D2266B70B5}"
EndProject
Project("{FAE04EC0-301F-11D3-BF4B-00C04F79EFBC}") = "EA.Application.Core", "..\EA.Application.Core\EA.Application.Core.csproj", "{DF395A4E-15A1-4A26-A0D7-FF112589DF20}"
EndProject
Project("{2150E333-8FDC-42A3-9474-1A3956D46DE8}") = "Domain", "Domain", "{B2BB1B4F-CA6C-4956-8046-D4EAADB7836A}"
EndProject
Project("{FAE04EC0-301F-11D3-BF4B-00C04F79EFBC}") = "EA.Domain.Tests", "..\EA.Domain\EA.Domain.Tests.csproj", "{62762DBB-14EB-4DF0-8947-DFF7B3B0E85C}"
EndProject
Global
	GlobalSection(SolutionConfigurationPlatforms) = preSolution
		Debug|Any CPU = Debug|Any CPU
		Release|Any CPU = Release|Any CPU
	EndGlobalSection
	GlobalSection(ProjectConfigurationPlatforms) = postSolution
		{3470B7AE-433F-4A39-A995-2C67A4EF1AC4}.Debug|Any CPU.ActiveCfg = Debug|Any CPU
		{3470B7AE-433F-4A39-A995-2C67A4EF1AC4}.Debug|Any CPU.Build.0 = Debug|Any CPU
		{3470B7AE-433F-4A39-A995-2C67A4EF1AC4}.Release|Any CPU.ActiveCfg = Release|Any CPU
		{3470B7AE-433F-4A39-A995-2C67A4EF1AC4}.Release|Any CPU.Build.0 = Release|Any CPU
		{464C2801-744E-41BC-8DBF-BCC1DCD8F16F}.Debug|Any CPU.ActiveCfg = Debug|Any CPU
		{464C2801-744E-41BC-8DBF-BCC1DCD8F16F}.Debug|Any CPU.Build.0 = Debug|Any CPU
		{464C2801-744E-41BC-8DBF-BCC1DCD8F16F}.Release|Any CPU.ActiveCfg = Release|Any CPU
		{464C2801-744E-41BC-8DBF-BCC1DCD8F16F}.Release|Any CPU.Build.0 = Release|Any CPU
		{92D32064-67EA-4B5B-A422-1A9FA25194FB}.Debug|Any CPU.ActiveCfg = Debug|Any CPU
		{92D32064-67EA-4B5B-A422-1A9FA25194FB}.Debug|Any CPU.Build.0 = Debug|Any CPU
		{92D32064-67EA-4B5B-A422-1A9FA25194FB}.Release|Any CPU.ActiveCfg = Release|Any CPU
		{92D32064-67EA-4B5B-A422-1A9FA25194FB}.Release|Any CPU.Build.0 = Release|Any CPU
		{1DD0F2B6-196A-4C67-A908-8CC9A6F34E3C}.Debug|Any CPU.ActiveCfg = Debug|Any CPU
		{1DD0F2B6-196A-4C67-A908-8CC9A6F34E3C}.Debug|Any CPU.Build.0 = Debug|Any CPU
		{1DD0F2B6-196A-4C67-A908-8CC9A6F34E3C}.Release|Any CPU.ActiveCfg = Release|Any CPU
		{1DD0F2B6-196A-4C67-A908-8CC9A6F34E3C}.Release|Any CPU.Build.0 = Release|Any CPU
		{E9F21C6B-8C49-4E68-821D-B765B6DF397D}.Debug|Any CPU.ActiveCfg = Debug|Any CPU
		{E9F21C6B-8C49-4E68-821D-B765B6DF397D}.Debug|Any CPU.Build.0 = Debug|Any CPU
		{E9F21C6B-8C49-4E68-821D-B765B6DF397D}.Release|Any CPU.ActiveCfg = Release|Any CPU
		{E9F21C6B-8C49-4E68-821D-B765B6DF397D}.Release|Any CPU.Build.0 = Release|Any CPU
		{DF395A4E-15A1-4A26-A0D7-FF112589DF20}.Debug|Any CPU.ActiveCfg = Debug|Any CPU
		{DF395A4E-15A1-4A26-A0D7-FF112589DF20}.Debug|Any CPU.Build.0 = Debug|Any CPU
		{DF395A4E-15A1-4A26-A0D7-FF112589DF20}.Release|Any CPU.ActiveCfg = Release|Any CPU
		{DF395A4E-15A1-4A26-A0D7-FF112589DF20}.Release|Any CPU.Build.0 = Release|Any CPU
		{62762DBB-14EB-4DF0-8947-DFF7B3B0E85C}.Debug|Any CPU.ActiveCfg = Debug|Any CPU
		{62762DBB-14EB-4DF0-8947-DFF7B3B0E85C}.Debug|Any CPU.Build.0 = Debug|Any CPU
		{62762DBB-14EB-4DF0-8947-DFF7B3B0E85C}.Release|Any CPU.ActiveCfg = Release|Any CPU
		{62762DBB-14EB-4DF0-8947-DFF7B3B0E85C}.Release|Any CPU.Build.0 = Release|Any CPU
	EndGlobalSection
	GlobalSection(SolutionProperties) = preSolution
		HideSolutionNode = FALSE
	EndGlobalSection
	GlobalSection(ExtensibilityGlobals) = postSolution
		SolutionGuid = {113584B5-007D-4EB1-82A1-2473F5BD5A27}
	EndGlobalSection
	GlobalSection(NestedProjects) = preSolution
		{A5C988C0-2064-4804-8EB5-5FCC5FB737FF} = {6B10F81E-92FB-4BD5-94A9-2A1E47368615}
		{D5B6DCD6-68A2-44F9-9CB1-0F830378F932} = {6B10F81E-92FB-4BD5-94A9-2A1E47368615}
		{EC819CF7-0D43-40A6-8CD3-65210C61A620} = {F9F2B4FD-52D3-4CF5-B505-EADA1993E2B2}
		{3470B7AE-433F-4A39-A995-2C67A4EF1AC4} = {EC819CF7-0D43-40A6-8CD3-65210C61A620}
		{55B20B20-2680-4720-9185-F73EDB2AC650} = {A5C988C0-2064-4804-8EB5-5FCC5FB737FF}
		{464C2801-744E-41BC-8DBF-BCC1DCD8F16F} = {55B20B20-2680-4720-9185-F73EDB2AC650}
		{97318453-98A6-40F9-A460-70D81CC94C61} = {6B10F81E-92FB-4BD5-94A9-2A1E47368615}
		{64FDA23E-BB9F-4FBF-AA04-17BAD130CFFD} = {97318453-98A6-40F9-A460-70D81CC94C61}
		{C048AF07-CA16-4DC8-ABD4-C2B971E66F03} = {97318453-98A6-40F9-A460-70D81CC94C61}
		{706201A8-AF18-4B53-8767-15FDE074AD83} = {64FDA23E-BB9F-4FBF-AA04-17BAD130CFFD}
		{92D32064-67EA-4B5B-A422-1A9FA25194FB} = {706201A8-AF18-4B53-8767-15FDE074AD83}
		{17196806-D1A6-48C6-967E-6C5CA03AFD87} = {C048AF07-CA16-4DC8-ABD4-C2B971E66F03}
		{1DD0F2B6-196A-4C67-A908-8CC9A6F34E3C} = {17196806-D1A6-48C6-967E-6C5CA03AFD87}
		{A64588FB-1C2F-4156-ACEE-37A6E0E57FED} = {17196806-D1A6-48C6-967E-6C5CA03AFD87}
		{E9F21C6B-8C49-4E68-821D-B765B6DF397D} = {A64588FB-1C2F-4156-ACEE-37A6E0E57FED}
		{96425D1E-554C-4DAF-BAD7-08D2266B70B5} = {D5B6DCD6-68A2-44F9-9CB1-0F830378F932}
		{DF395A4E-15A1-4A26-A0D7-FF112589DF20} = {96425D1E-554C-4DAF-BAD7-08D2266B70B5}
		{B2BB1B4F-CA6C-4956-8046-D4EAADB7836A} = {F9F2B4FD-52D3-4CF5-B505-EADA1993E2B2}
		{62762DBB-14EB-4DF0-8947-DFF7B3B0E85C} = {B2BB1B4F-CA6C-4956-8046-D4EAADB7836A}
	EndGlobalSection
EndGlobal
